<?xml version="1.0" encoding="utf-8"?>
<Project ToolsVersion="4.0" xmlns="http://schemas.microsoft.com/developer/msbuild/2003">
  <ItemGroup>
    <Filter Include="Source Files">
      <UniqueIdentifier>{a49a5aad-137b-473b-81fe-b4aceed02bfd}</UniqueIdentifier>
      <Extensions>cpp;c;cxx;rc;def;r;odl;idl;hpj;bat</Extensions>
    </Filter>
    <Filter Include="Header Files">
      <UniqueIdentifier>{352871dd-4141-44c0-9606-8977235101ac}</UniqueIdentifier>
      <Extensions>h;hpp;hxx;hm;inl</Extensions>
    </Filter>
    <Filter Include="Resource Files">
      <UniqueIdentifier>{bb8bbc34-e281-4d3d-b0d1-1918bb54abdd}</UniqueIdentifier>
      <Extensions>ico;cur;bmp;dlg;rc2;rct;bin;rgs;gif;jpg;jpeg;jpe</Extensions>
    </Filter>
  </ItemGroup>
  <ItemGroup>
    <ClCompile Include="1fen.cpp">
      <Filter>Source Files</Filter>
    </ClCompile>
    <ClCompile Include="2fen.cpp">
      <Filter>Source Files</Filter>
    </ClCompile>
    <ClCompile Include="bigfish.cpp">
      <Filter>Source Files</Filter>
    </ClCompile>
    <ClCompile Include="eat.cpp">
      <Filter>Source Files</Filter>
    </ClCompile>
    <ClCompile Include="film.cpp">
      <Filter>Source Files</Filter>
    </ClCompile>
    <ClCompile Include="fish.cpp">
      <Filter>Source Files</Filter>
    </ClCompile>
    <ClCompile Include="main.cpp">
      <Filter>Source Files</Filter>
    </ClCompile>
  </ItemGroup>
  <ItemGroup>
    <ClInclude Include="1fen.h">
      <Filter>Header Files</Filter>
    </ClInclude>
    <ClInclude Include="2fen.h">
      <Filter>Header Files</Filter>
    </ClInclude>
    <ClInclude Include="bigfish.h">
      <Filter>Header Files</Filter>
    </ClInclude>
    <ClInclude Include="eat.h">
      <Filter>Header Files</Filter>
    </ClInclude>
    <ClInclude Include="film.h">
      <Filter>Header Files</Filter>
    </ClInclude>
    <ClInclude Include="fish.h">
      <Filter>Header Files</Filter>
    </ClInclude>
  </ItemGroup>
</Project>